
Microsoft Visual Studio Solution File, Format Version 12.00
Project("{FAE04EC0-301F-11D3-BF4B-00C04F79EFBC}") = "CloudAwesome.FolkTune.Reviewer", "CloudAwesome.FolkTune.Reviewer\CloudAwesome.FolkTune.Reviewer.csproj", "{1DA9CD87-1014-42B5-A80E-0692360DADE5}"
EndProject
Project("{FAE04EC0-301F-11D3-BF4B-00C04F79EFBC}") = "CloudAwesome.FolkTune", "CloudAwesome.FolkTune\CloudAwesome.FolkTune.csproj", "{AC6C58EB-DE90-43A9-8FCD-B2D76ADE8978}"
EndProject
Project("{FAE04EC0-301F-11D3-BF4B-00C04F79EFBC}") = "CloudAwesome.FolkTune.Tests", "CloudAwesome.FolkTune.Tests\CloudAwesome.FolkTune.Tests.csproj", "{FBFFE508-BDAA-480F-8723-D22C2BBECA4E}"
EndProject
Global
	GlobalSection(SolutionConfigurationPlatforms) = preSolution
		Debug|Any CPU = Debug|Any CPU
		Release|Any CPU = Release|Any CPU
	EndGlobalSection
	GlobalSection(ProjectConfigurationPlatforms) = postSolution
		{1DA9CD87-1014-42B5-A80E-0692360DADE5}.Debug|Any CPU.ActiveCfg = Debug|Any CPU
		{1DA9CD87-1014-42B5-A80E-0692360DADE5}.Debug|Any CPU.Build.0 = Debug|Any CPU
		{1DA9CD87-1014-42B5-A80E-0692360DADE5}.Release|Any CPU.ActiveCfg = Release|Any CPU
		{1DA9CD87-1014-42B5-A80E-0692360DADE5}.Release|Any CPU.Build.0 = Release|Any CPU
		{AC6C58EB-DE90-43A9-8FCD-B2D76ADE8978}.Debug|Any CPU.ActiveCfg = Debug|Any CPU
		{AC6C58EB-DE90-43A9-8FCD-B2D76ADE8978}.Debug|Any CPU.Build.0 = Debug|Any CPU
		{AC6C58EB-DE90-43A9-8FCD-B2D76ADE8978}.Release|Any CPU.ActiveCfg = Release|Any CPU
		{AC6C58EB-DE90-43A9-8FCD-B2D76ADE8978}.Release|Any CPU.Build.0 = Release|Any CPU
		{FBFFE508-BDAA-480F-8723-D22C2BBECA4E}.Debug|Any CPU.ActiveCfg = Debug|Any CPU
		{FBFFE508-BDAA-480F-8723-D22C2BBECA4E}.Debug|Any CPU.Build.0 = Debug|Any CPU
		{FBFFE508-BDAA-480F-8723-D22C2BBECA4E}.Release|Any CPU.ActiveCfg = Release|Any CPU
		{FBFFE508-BDAA-480F-8723-D22C2BBECA4E}.Release|Any CPU.Build.0 = Release|Any CPU
	EndGlobalSection
EndGlobal
